
Microsoft Visual Studio Solution File, Format Version 12.00
# Visual Studio 15
VisualStudioVersion = 15.0.28307.489
MinimumVisualStudioVersion = 10.0.40219.1
Project("{FAE04EC0-301F-11D3-BF4B-00C04F79EFBC}") = "2K48", "2K48\2K48.csproj", "{F383B7FC-53F9-48C5-931B-816D618B5A2B}"
EndProject
Global
	GlobalSection(SolutionConfigurationPlatforms) = preSolution
		Debug|Any CPU = Debug|Any CPU
		Release|Any CPU = Release|Any CPU
	EndGlobalSection
	GlobalSection(ProjectConfigurationPlatforms) = postSolution
		{F383B7FC-53F9-48C5-931B-816D618B5A2B}.Debug|Any CPU.ActiveCfg = Debug|Any CPU
		{F383B7FC-53F9-48C5-931B-816D618B5A2B}.Debug|Any CPU.Build.0 = Debug|Any CPU
		{F383B7FC-53F9-48C5-931B-816D618B5A2B}.Release|Any CPU.ActiveCfg = Release|Any CPU
		{F383B7FC-53F9-48C5-931B-816D618B5A2B}.Release|Any CPU.Build.0 = Release|Any CPU
	EndGlobalSection
	GlobalSection(SolutionProperties) = preSolution
		HideSolutionNode = FALSE
	EndGlobalSection
	GlobalSection(ExtensibilityGlobals) = postSolution
		SolutionGuid = {F1F82B75-BA23-4A5E-814F-2F3652110227}
	EndGlobalSection
EndGlobal
